
Microsoft Visual Studio Solution File, Format Version 12.00
# Visual Studio Version 17
VisualStudioVersion = 17.0.32014.148
MinimumVisualStudioVersion = 10.0.40219.1
Project("{FAE04EC0-301F-11D3-BF4B-00C04F79EFBC}") = "StreamingApi", "StreamingApi\StreamingApi.csproj", "{4EF4BBE1-5E91-4024-B81B-B2CF70F2ECC2}"
EndProject
Global
	GlobalSection(SolutionConfigurationPlatforms) = preSolution
		Debug|Any CPU = Debug|Any CPU
		Release|Any CPU = Release|Any CPU
	EndGlobalSection
	GlobalSection(ProjectConfigurationPlatforms) = postSolution
		{4EF4BBE1-5E91-4024-B81B-B2CF70F2ECC2}.Debug|Any CPU.ActiveCfg = Debug|Any CPU
		{4EF4BBE1-5E91-4024-B81B-B2CF70F2ECC2}.Debug|Any CPU.Build.0 = Debug|Any CPU
		{4EF4BBE1-5E91-4024-B81B-B2CF70F2ECC2}.Release|Any CPU.ActiveCfg = Release|Any CPU
		{4EF4BBE1-5E91-4024-B81B-B2CF70F2ECC2}.Release|Any CPU.Build.0 = Release|Any CPU
	EndGlobalSection
	GlobalSection(SolutionProperties) = preSolution
		HideSolutionNode = FALSE
	EndGlobalSection
	GlobalSection(ExtensibilityGlobals) = postSolution
		SolutionGuid = {4238FF45-1C4F-4DE0-BF93-4D56E30D87CB}
	EndGlobalSection
EndGlobal
